
Microsoft Visual Studio Solution File, Format Version 11.00
# Visual Studio 2010
# SharpDevelop 5.1
Project("{FAE04EC0-301F-11D3-BF4B-00C04F79EFBC}") = "BranchedWorld", "BranchedWorld.csproj", "{2A44A342-600C-4C2F-BA49-0266C552D7D8}"
EndProject
Global
	GlobalSection(SolutionConfigurationPlatforms) = preSolution
		Debug|Any CPU = Debug|Any CPU
		Release|Any CPU = Release|Any CPU
	EndGlobalSection
	GlobalSection(ProjectConfigurationPlatforms) = postSolution
		{2A44A342-600C-4C2F-BA49-0266C552D7D8}.Debug|Any CPU.ActiveCfg = Debug|Any CPU
		{2A44A342-600C-4C2F-BA49-0266C552D7D8}.Debug|Any CPU.Build.0 = Debug|Any CPU
		{2A44A342-600C-4C2F-BA49-0266C552D7D8}.Release|Any CPU.ActiveCfg = Release|Any CPU
		{2A44A342-600C-4C2F-BA49-0266C552D7D8}.Release|Any CPU.Build.0 = Release|Any CPU
	EndGlobalSection
EndGlobal
